
Microsoft Visual Studio Solution File, Format Version 12.00
# Visual Studio Version 16
VisualStudioVersion = 16.0.31624.102
MinimumVisualStudioVersion = 10.0.40219.1
Project("{FAE04EC0-301F-11D3-BF4B-00C04F79EFBC}") = "VlasProg", "VlasProg\VlasProg.csproj", "{56A10B80-74AA-4B5F-B8D8-B556E06CE487}"
EndProject
Global
	GlobalSection(SolutionConfigurationPlatforms) = preSolution
		Debug|Any CPU = Debug|Any CPU
		Release|Any CPU = Release|Any CPU
	EndGlobalSection
	GlobalSection(ProjectConfigurationPlatforms) = postSolution
		{56A10B80-74AA-4B5F-B8D8-B556E06CE487}.Debug|Any CPU.ActiveCfg = Debug|Any CPU
		{56A10B80-74AA-4B5F-B8D8-B556E06CE487}.Debug|Any CPU.Build.0 = Debug|Any CPU
		{56A10B80-74AA-4B5F-B8D8-B556E06CE487}.Release|Any CPU.ActiveCfg = Release|Any CPU
		{56A10B80-74AA-4B5F-B8D8-B556E06CE487}.Release|Any CPU.Build.0 = Release|Any CPU
	EndGlobalSection
	GlobalSection(SolutionProperties) = preSolution
		HideSolutionNode = FALSE
	EndGlobalSection
	GlobalSection(ExtensibilityGlobals) = postSolution
		SolutionGuid = {3D3B359B-47AC-4C2F-AC62-7AFC1A41B0B9}
	EndGlobalSection
EndGlobal
